// !$*UTF8*$!
{
	archiveVersion = 1;
	classes = {
	};
	objectVersion = 50;
	objects = {

/* Begin PBXBuildFile section */
		C4D30CEC25D8E1D100CD0530 /* AppDelegate.swift in Sources */ = {isa = PBXBuildFile; fileRef = C4D30CEB25D8E1D100CD0530 /* AppDelegate.swift */; };
		C4D30CEE25D8E1D100CD0530 /* SceneDelegate.swift in Sources */ = {isa = PBXBuildFile; fileRef = C4D30CED25D8E1D100CD0530 /* SceneDelegate.swift */; };
		C4D30CF025D8E1D100CD0530 /* ViewController.swift in Sources */ = {isa = PBXBuildFile; fileRef = C4D30CEF25D8E1D100CD0530 /* ViewController.swift */; };
		C4D30CF325D8E1D100CD0530 /* Main.storyboard in Resources */ = {isa = PBXBuildFile; fileRef = C4D30CF125D8E1D100CD0530 /* Main.storyboard */; };
		C4D30CF525D8E1D700CD0530 /* Assets.xcassets in Resources */ = {isa = PBXBuildFile; fileRef = C4D30CF425D8E1D700CD0530 /* Assets.xcassets */; };
		C4D30CF825D8E1D700CD0530 /* LaunchScreen.storyboard in Resources */ = {isa = PBXBuildFile; fileRef = C4D30CF625D8E1D700CD0530 /* LaunchScreen.storyboard */; };
		C4D30D0325D8E1D800CD0530 /* FlixTests.swift in Sources */ = {isa = PBXBuildFile; fileRef = C4D30D0225D8E1D800CD0530 /* FlixTests.swift */; };
		C4D30D0E25D8E1D800CD0530 /* FlixUITests.swift in Sources */ = {isa = PBXBuildFile; fileRef = C4D30D0D25D8E1D800CD0530 /* FlixUITests.swift */; };
/* End PBXBuildFile section */

/* Begin PBXContainerItemProxy section */
		C4D30CFF25D8E1D800CD0530 /* PBXContainerItemProxy */ = {
			isa = PBXContainerItemProxy;
			containerPortal = C4D30CE025D8E1D000CD0530 /* Project object */;
			proxyType = 1;
			remoteGlobalIDString = C4D30CE725D8E1D000CD0530;
			remoteInfo = Flix;
		};
		C4D30D0A25D8E1D800CD0530 /* PBXContainerItemProxy */ = {
			isa = PBXContainerItemProxy;
			containerPortal = C4D30CE025D8E1D000CD0530 /* Project object */;
			proxyType = 1;
			remoteGlobalIDString = C4D30CE725D8E1D000CD0530;
			remoteInfo = Flix;
		};
/* End PBXContainerItemProxy section */

/* Begin PBXFileReference section */
		C4D30CE825D8E1D100CD0530 /* Flix.app */ = {isa = PBXFileReference; explicitFileType = wrapper.application; includeInIndex = 0; path = Flix.app; sourceTree = BUILT_PRODUCTS_DIR; };
		C4D30CEB25D8E1D100CD0530 /* AppDelegate.swift */ = {isa = PBXFileReference; lastKnownFileType = sourcecode.swift; path = AppDelegate.swift; sourceTree = "<group>"; };
		C4D30CED25D8E1D100CD0530 /* SceneDelegate.swift */ = {isa = PBXFileReference; lastKnownFileType = sourcecode.swift; path = SceneDelegate.swift; sourceTree = "<group>"; };
		C4D30CEF25D8E1D100CD0530 /* ViewController.swift */ = {isa = PBXFileReference; lastKnownFileType = sourcecode.swift; path = ViewController.swift; sourceTree = "<group>"; };
		C4D30CF225D8E1D100CD0530 /* Base */ = {isa = PBXFileReference; lastKnownFileType = file.storyboard; name = Base; path = Base.lproj/Main.storyboard; sourceTree = "<group>"; };
		C4D30CF425D8E1D700CD0530 /* Assets.xcassets */ = {isa = PBXFileReference; lastKnownFileType = folder.assetcatalog; path = Assets.xcassets; sourceTree = "<group>"; };
		C4D30CF725D8E1D700CD0530 /* Base */ = {isa = PBXFileReference; lastKnownFileType = file.storyboard; name = Base; path = Base.lproj/LaunchScreen.storyboard; sourceTree = "<group>"; };
		C4D30CF925D8E1D700CD0530 /* Info.plist */ = {isa = PBXFileReference; lastKnownFileType = text.plist.xml; path = Info.plist; sourceTree = "<group>"; };
		C4D30CFE25D8E1D800CD0530 /* FlixTests.xctest */ = {isa = PBXFileReference; explicitFileType = wrapper.cfbundle; includeInIndex = 0; path = FlixTests.xctest; sourceTree = BUILT_PRODUCTS_DIR; };
		C4D30D0225D8E1D800CD0530 /* FlixTests.swift */ = {isa = PBXFileReference; lastKnownFileType = sourcecode.swift; path = FlixTests.swift; sourceTree = "<group>"; };
		C4D30D0425D8E1D800CD0530 /* Info.plist */ = {isa = PBXFileReference; lastKnownFileType = text.plist.xml; path = Info.plist; sourceTree = "<group>"; };
		C4D30D0925D8E1D800CD0530 /* FlixUITests.xctest */ = {isa = PBXFileReference; explicitFileType = wrapper.cfbundle; includeInIndex = 0; path = FlixUITests.xctest; sourceTree = BUILT_PRODUCTS_DIR; };
		C4D30D0D25D8E1D800CD0530 /* FlixUITests.swift */ = {isa = PBXFileReference; lastKnownFileType = sourcecode.swift; path = FlixUITests.swift; sourceTree = "<group>"; };
		C4D30D0F25D8E1D800CD0530 /* Info.plist */ = {isa = PBXFileReference; lastKnownFileType = text.plist.xml; path = Info.plist; sourceTree = "<group>"; };
/* End PBXFileReference section */

/* Begin PBXFrameworksBuildPhase section */
		C4D30CE525D8E1D000CD0530 /* Frameworks */ = {
			isa = PBXFrameworksBuildPhase;
			buildActionMask = 2147483647;
			files = (
			);
			runOnlyForDeploymentPostprocessing = 0;
		};
		C4D30CFB25D8E1D800CD0530 /* Frameworks */ = {
			isa = PBXFrameworksBuildPhase;
			buildActionMask = 2147483647;
			files = (
			);
			runOnlyForDeploymentPostprocessing = 0;
		};
		C4D30D0625D8E1D800CD0530 /* Frameworks */ = {
			isa = PBXFrameworksBuildPhase;
			buildActionMask = 2147483647;
			files = (
			);
			runOnlyForDeploymentPostprocessing = 0;
		};
/* End PBXFrameworksBuildPhase section */

/* Begin PBXGroup section */
		C4D30CDF25D8E1D000CD0530 = {
			isa = PBXGroup;
			children = (
				C4D30CEA25D8E1D100CD0530 /* Flix */,
				C4D30D0125D8E1D800CD0530 /* FlixTests */,
				C4D30D0C25D8E1D800CD0530 /* FlixUITests */,
				C4D30CE925D8E1D100CD0530 /* Products */,
			);
			sourceTree = "<group>";
		};
		C4D30CE925D8E1D100CD0530 /* Products */ = {
			isa = PBXGroup;
			children = (
				C4D30CE825D8E1D100CD0530 /* Flix.app */,
				C4D30CFE25D8E1D800CD0530 /* FlixTests.xctest */,
				C4D30D0925D8E1D800CD0530 /* FlixUITests.xctest */,
			);
			name = Products;
			sourceTree = "<group>";
		};
		C4D30CEA25D8E1D100CD0530 /* Flix */ = {
			isa = PBXGroup;
			children = (
				C4D30CEB25D8E1D100CD0530 /* AppDelegate.swift */,
				C4D30CED25D8E1D100CD0530 /* SceneDelegate.swift */,
				C4D30CEF25D8E1D100CD0530 /* ViewController.swift */,
				C4D30CF125D8E1D100CD0530 /* Main.storyboard */,
				C4D30CF425D8E1D700CD0530 /* Assets.xcassets */,
				C4D30CF625D8E1D700CD0530 /* LaunchScreen.storyboard */,
				C4D30CF925D8E1D700CD0530 /* Info.plist */,
			);
			path = Flix;
			sourceTree = "<group>";
		};
		C4D30D0125D8E1D800CD0530 /* FlixTests */ = {
			isa = PBXGroup;
			children = (
				C4D30D0225D8E1D800CD0530 /* FlixTests.swift */,
				C4D30D0425D8E1D800CD0530 /* Info.plist */,
			);
			path = FlixTests;
			sourceTree = "<group>";
		};
		C4D30D0C25D8E1D800CD0530 /* FlixUITests */ = {
			isa = PBXGroup;
			children = (
				C4D30D0D25D8E1D800CD0530 /* FlixUITests.swift */,
				C4D30D0F25D8E1D800CD0530 /* Info.plist */,
			);
			path = FlixUITests;
			sourceTree = "<group>";
		};
/* End PBXGroup section */

/* Begin PBXNativeTarget section */
		C4D30CE725D8E1D000CD0530 /* Flix */ = {
			isa = PBXNativeTarget;
			buildConfigurationList = C4D30D1225D8E1D800CD0530 /* Build configuration list for PBXNativeTarget "Flix" */;
			buildPhases = (
				C4D30CE425D8E1D000CD0530 /* Sources */,
				C4D30CE525D8E1D000CD0530 /* Frameworks */,
				C4D30CE625D8E1D000CD0530 /* Resources */,
			);
			buildRules = (
			);
			dependencies = (
			);
			name = Flix;
			productName = Flix;
			productReference = C4D30CE825D8E1D100CD0530 /* Flix.app */;
			productType = "com.apple.product-type.application";
		};
		C4D30CFD25D8E1D800CD0530 /* FlixTests */ = {
			isa = PBXNativeTarget;
			buildConfigurationList = C4D30D1525D8E1D800CD0530 /* Build configuration list for PBXNativeTarget "FlixTests" */;
			buildPhases = (
				C4D30CFA25D8E1D800CD0530 /* Sources */,
				C4D30CFB25D8E1D800CD0530 /* Frameworks */,
				C4D30CFC25D8E1D800CD0530 /* Resources */,
			);
			buildRules = (
			);
			dependencies = (
				C4D30D0025D8E1D800CD0530 /* PBXTargetDependency */,
			);
			name = FlixTests;
			productName = FlixTests;
			productReference = C4D30CFE25D8E1D800CD0530 /* FlixTests.xctest */;
			productType = "com.apple.product-type.bundle.unit-test";
		};
		C4D30D0825D8E1D800CD0530 /* FlixUITests */ = {
			isa = PBXNativeTarget;
			buildConfigurationList = C4D30D1825D8E1D800CD0530 /* Build configuration list for PBXNativeTarget "FlixUITests" */;
			buildPhases = (
				C4D30D0525D8E1D800CD0530 /* Sources */,
				C4D30D0625D8E1D800CD0530 /* Frameworks */,
				C4D30D0725D8E1D800CD0530 /* Resources */,
			);
			buildRules = (
			);
			dependencies = (
				C4D30D0B25D8E1D800CD0530 /* PBXTargetDependency */,
			);
			name = FlixUITests;
			productName = FlixUITests;
			productReference = C4D30D0925D8E1D800CD0530 /* FlixUITests.xctest */;
			productType = "com.apple.product-type.bundle.ui-testing";
		};
/* End PBXNativeTarget section */

/* Begin PBXProject section */
		C4D30CE025D8E1D000CD0530 /* Project object */ = {
			isa = PBXProject;
			attributes = {
				LastSwiftUpdateCheck = 1240;
				LastUpgradeCheck = 1240;
				TargetAttributes = {
					C4D30CE725D8E1D000CD0530 = {
						CreatedOnToolsVersion = 12.4;
					};
					C4D30CFD25D8E1D800CD0530 = {
						CreatedOnToolsVersion = 12.4;
						TestTargetID = C4D30CE725D8E1D000CD0530;
					};
					C4D30D0825D8E1D800CD0530 = {
						CreatedOnToolsVersion = 12.4;
						TestTargetID = C4D30CE725D8E1D000CD0530;
					};
				};
			};
			buildConfigurationList = C4D30CE325D8E1D000CD0530 /* Build configuration list for PBXProject "Flix" */;
			compatibilityVersion = "Xcode 9.3";
			developmentRegion = en;
			hasScannedForEncodings = 0;
			knownRegions = (
				en,
				Base,
			);
			mainGroup = C4D30CDF25D8E1D000CD0530;
			productRefGroup = C4D30CE925D8E1D100CD0530 /* Products */;
			projectDirPath = "";
			projectRoot = "";
			targets = (
				C4D30CE725D8E1D000CD0530 /* Flix */,
				C4D30CFD25D8E1D800CD0530 /* FlixTests */,
				C4D30D0825D8E1D800CD0530 /* FlixUITests */,
			);
		};
/* End PBXProject section */

/* Begin PBXResourcesBuildPhase section */
		C4D30CE625D8E1D000CD0530 /* Resources */ = {
			isa = PBXResourcesBuildPhase;
			buildActionMask = 2147483647;
			files = (
				C4D30CF825D8E1D700CD0530 /* LaunchScreen.storyboard in Resources */,
				C4D30CF525D8E1D700CD0530 /* Assets.xcassets in Resources */,
				C4D30CF325D8E1D100CD0530 /* Main.storyboard in Resources */,
			);
			runOnlyForDeploymentPostprocessing = 0;
		};
		C4D30CFC25D8E1D800CD0530 /* Resources */ = {
			isa = PBXResourcesBuildPhase;
			buildActionMask = 2147483647;
			files = (
			);
			runOnlyForDeploymentPostprocessing = 0;
		};
		C4D30D0725D8E1D800CD0530 /* Resources */ = {
			isa = PBXResourcesBuildPhase;
			buildActionMask = 2147483647;
			files = (
			);
			runOnlyForDeploymentPostprocessing = 0;
		};
/* End PBXResourcesBuildPhase section */

/* Begin PBXSourcesBuildPhase section */
		C4D30CE425D8E1D000CD0530 /* Sources */ = {
			isa = PBXSourcesBuildPhase;
			buildActionMask = 2147483647;
			files = (
				C4D30CF025D8E1D100CD0530 /* ViewController.swift in Sources */,
				C4D30CEC25D8E1D100CD0530 /* AppDelegate.swift in Sources */,
				C4D30CEE25D8E1D100CD0530 /* SceneDelegate.swift in Sources */,
			);
			runOnlyForDeploymentPostprocessing = 0;
		};
		C4D30CFA25D8E1D800CD0530 /* Sources */ = {
			isa = PBXSourcesBuildPhase;
			buildActionMask = 2147483647;
			files = (
				C4D30D0325D8E1D800CD0530 /* FlixTests.swift in Sources */,
			);
			runOnlyForDeploymentPostprocessing = 0;
		};
		C4D30D0525D8E1D800CD0530 /* Sources */ = {
			isa = PBXSourcesBuildPhase;
			buildActionMask = 2147483647;
			files = (
				C4D30D0E25D8E1D800CD0530 /* FlixUITests.swift in Sources */,
			);
			runOnlyForDeploymentPostprocessing = 0;
		};
/* End PBXSourcesBuildPhase section */

/* Begin PBXTargetDependency section */
		C4D30D0025D8E1D800CD0530 /* PBXTargetDependency */ = {
			isa = PBXTargetDependency;
			target = C4D30CE725D8E1D000CD0530 /* Flix */;
			targetProxy = C4D30CFF25D8E1D800CD0530 /* PBXContainerItemProxy */;
		};
		C4D30D0B25D8E1D800CD0530 /* PBXTargetDependency */ = {
			isa = PBXTargetDependency;
			target = C4D30CE725D8E1D000CD0530 /* Flix */;
			targetProxy = C4D30D0A25D8E1D800CD0530 /* PBXContainerItemProxy */;
		};
/* End PBXTargetDependency section */

/* Begin PBXVariantGroup section */
		C4D30CF125D8E1D100CD0530 /* Main.storyboard */ = {
			isa = PBXVariantGroup;
			children = (
				C4D30CF225D8E1D100CD0530 /* Base */,
			);
			name = Main.storyboard;
			sourceTree = "<group>";
		};
		C4D30CF625D8E1D700CD0530 /* LaunchScreen.storyboard */ = {
			isa = PBXVariantGroup;
			children = (
				C4D30CF725D8E1D700CD0530 /* Base */,
			);
			name = LaunchScreen.storyboard;
			sourceTree = "<group>";
		};
/* End PBXVariantGroup section */

/* Begin XCBuildConfiguration section */
		C4D30D1025D8E1D800CD0530 /* Debug */ = {
			isa = XCBuildConfiguration;
			buildSettings = {
				ALWAYS_SEARCH_USER_PATHS = NO;
				CLANG_ANALYZER_NONNULL = YES;
				CLANG_ANALYZER_NUMBER_OBJECT_CONVERSION = YES_AGGRESSIVE;
				CLANG_CXX_LANGUAGE_STANDARD = "gnu++14";
				CLANG_CXX_LIBRARY = "libc++";
				CLANG_ENABLE_MODULES = YES;
				CLANG_ENABLE_OBJC_ARC = YES;
				CLANG_ENABLE_OBJC_WEAK = YES;
				CLANG_WARN_BLOCK_CAPTURE_AUTORELEASING = YES;
				CLANG_WARN_BOOL_CONVERSION = YES;
				CLANG_WARN_COMMA = YES;
				CLANG_WARN_CONSTANT_CONVERSION = YES;
				CLANG_WARN_DEPRECATED_OBJC_IMPLEMENTATIONS = YES;
				CLANG_WARN_DIRECT_OBJC_ISA_USAGE = YES_ERROR;
				CLANG_WARN_DOCUMENTATION_COMMENTS = YES;
				CLANG_WARN_EMPTY_BODY = YES;
				CLANG_WARN_ENUM_CONVERSION = YES;
				CLANG_WARN_INFINITE_RECURSION = YES;
				CLANG_WARN_INT_CONVERSION = YES;
				CLANG_WARN_NON_LITERAL_NULL_CONVERSION = YES;
				CLANG_WARN_OBJC_IMPLICIT_RETAIN_SELF = YES;
				CLANG_WARN_OBJC_LITERAL_CONVERSION = YES;
				CLANG_WARN_OBJC_ROOT_CLASS = YES_ERROR;
				CLANG_WARN_QUOTED_INCLUDE_IN_FRAMEWORK_HEADER = YES;
				CLANG_WARN_RANGE_LOOP_ANALYSIS = YES;
				CLANG_WARN_STRICT_PROTOTYPES = YES;
				CLANG_WARN_SUSPICIOUS_MOVE = YES;
				CLANG_WARN_UNGUARDED_AVAILABILITY = YES_AGGRESSIVE;
				CLANG_WARN_UNREACHABLE_CODE = YES;
				CLANG_WARN__DUPLICATE_METHOD_MATCH = YES;
				COPY_PHASE_STRIP = NO;
				DEBUG_INFORMATION_FORMAT = dwarf;
				ENABLE_STRICT_OBJC_MSGSEND = YES;
				ENABLE_TESTABILITY = YES;
				GCC_C_LANGUAGE_STANDARD = gnu11;
				GCC_DYNAMIC_NO_PIC = NO;
				GCC_NO_COMMON_BLOCKS = YES;
				GCC_OPTIMIZATION_LEVEL = 0;
				GCC_PREPROCESSOR_DEFINITIONS = (
					"DEBUG=1",
					"$(inherited)",
				);
				GCC_WARN_64_TO_32_BIT_CONVERSION = YES;
				GCC_WARN_ABOUT_RETURN_TYPE = YES_ERROR;
				GCC_WARN_UNDECLARED_SELECTOR = YES;
				GCC_WARN_UNINITIALIZED_AUTOS = YES_AGGRESSIVE;
				GCC_WARN_UNUSED_FUNCTION = YES;
				GCC_WARN_UNUSED_VARIABLE = YES;
				IPHONEOS_DEPLOYMENT_TARGET = 14.4;
				MTL_ENABLE_DEBUG_INFO = INCLUDE_SOURCE;
				MTL_FAST_MATH = YES;
				ONLY_ACTIVE_ARCH = YES;
				SDKROOT = iphoneos;
				SWIFT_ACTIVE_COMPILATION_CONDITIONS = DEBUG;
				SWIFT_OPTIMIZATION_LEVEL = "-Onone";
			};
			name = Debug;
		};
		C4D30D1125D8E1D800CD0530 /* Release */ = {
			isa = XCBuildConfiguration;
			buildSettings = {
				ALWAYS_SEARCH_USER_PATHS = NO;
				CLANG_ANALYZER_NONNULL = YES;
				CLANG_ANALYZER_NUMBER_OBJECT_CONVERSION = YES_AGGRESSIVE;
				CLANG_CXX_LANGUAGE_STANDARD = "gnu++14";
				CLANG_CXX_LIBRARY = "libc++";
				CLANG_ENABLE_MODULES = YES;
				CLANG_ENABLE_OBJC_ARC = YES;
				CLANG_ENABLE_OBJC_WEAK = YES;
				CLANG_WARN_BLOCK_CAPTURE_AUTORELEASING = YES;
				CLANG_WARN_BOOL_CONVERSION = YES;
				CLANG_WARN_COMMA = YES;
				CLANG_WARN_CONSTANT_CONVERSION = YES;
				CLANG_WARN_DEPRECATED_OBJC_IMPLEMENTATIONS = YES;
				CLANG_WARN_DIRECT_OBJC_ISA_USAGE = YES_ERROR;
				CLANG_WARN_DOCUMENTATION_COMMENTS = YES;
				CLANG_WARN_EMPTY_BODY = YES;
				CLANG_WARN_ENUM_CONVERSION = YES;
				CLANG_WARN_INFINITE_RECURSION = YES;
				CLANG_WARN_INT_CONVERSION = YES;
				CLANG_WARN_NON_LITERAL_NULL_CONVERSION = YES;
				CLANG_WARN_OBJC_IMPLICIT_RETAIN_SELF = YES;
				CLANG_WARN_OBJC_LITERAL_CONVERSION = YES;
				CLANG_WARN_OBJC_ROOT_CLASS = YES_ERROR;
				CLANG_WARN_QUOTED_INCLUDE_IN_FRAMEWORK_HEADER = YES;
				CLANG_WARN_RANGE_LOOP_ANALYSIS = YES;
				CLANG_WARN_STRICT_PROTOTYPES = YES;
				CLANG_WARN_SUSPICIOUS_MOVE = YES;
				CLANG_WARN_UNGUARDED_AVAILABILITY = YES_AGGRESSIVE;
				CLANG_WARN_UNREACHABLE_CODE = YES;
				CLANG_WARN__DUPLICATE_METHOD_MATCH = YES;
				COPY_PHASE_STRIP = NO;
				DEBUG_INFORMATION_FORMAT = "dwarf-with-dsym";
				ENABLE_NS_ASSERTIONS = NO;
				ENABLE_STRICT_OBJC_MSGSEND = YES;
				GCC_C_LANGUAGE_STANDARD = gnu11;
				GCC_NO_COMMON_BLOCKS = YES;
				GCC_WARN_64_TO_32_BIT_CONVERSION = YES;
				GCC_WARN_ABOUT_RETURN_TYPE = YES_ERROR;
				GCC_WARN_UNDECLARED_SELECTOR = YES;
				GCC_WARN_UNINITIALIZED_AUTOS = YES_AGGRESSIVE;
				GCC_WARN_UNUSED_FUNCTION = YES;
				GCC_WARN_UNUSED_VARIABLE = YES;
				IPHONEOS_DEPLOYMENT_TARGET = 14.4;
				MTL_ENABLE_DEBUG_INFO = NO;
				MTL_FAST_MATH = YES;
				SDKROOT = iphoneos;
				SWIFT_COMPILATION_MODE = wholemodule;
				SWIFT_OPTIMIZATION_LEVEL = "-O";
				VALIDATE_PRODUCT = YES;
			};
			name = Release;
		};
		C4D30D1325D8E1D800CD0530 /* Debug */ = {
			isa = XCBuildConfiguration;
			buildSettings = {
				ASSETCATALOG_COMPILER_APPICON_NAME = AppIcon;
				ASSETCATALOG_COMPILER_GLOBAL_ACCENT_COLOR_NAME = AccentColor;
				CODE_SIGN_STYLE = Automatic;
				INFOPLIST_FILE = Flix/Info.plist;
				LD_RUNPATH_SEARCH_PATHS = (
					"$(inherited)",
					"@executable_path/Frameworks",
				);
				PRODUCT_BUNDLE_IDENTIFIER = memo.com.Flix;
				PRODUCT_NAME = "$(TARGET_NAME)";
				SWIFT_VERSION = 5.0;
				TARGETED_DEVICE_FAMILY = "1,2";
			};
			name = Debug;
		};
		C4D30D1425D8E1D800CD0530 /* Release */ = {
			isa = XCBuildConfiguration;
			buildSettings = {
				ASSETCATALOG_COMPILER_APPICON_NAME = AppIcon;
				ASSETCATALOG_COMPILER_GLOBAL_ACCENT_COLOR_NAME = AccentColor;
				CODE_SIGN_STYLE = Automatic;
				INFOPLIST_FILE = Flix/Info.plist;
				LD_RUNPATH_SEARCH_PATHS = (
					"$(inherited)",
					"@executable_path/Frameworks",
				);
				PRODUCT_BUNDLE_IDENTIFIER = memo.com.Flix;
				PRODUCT_NAME = "$(TARGET_NAME)";
				SWIFT_VERSION = 5.0;
				TARGETED_DEVICE_FAMILY = "1,2";
			};
			name = Release;
		};
		C4D30D1625D8E1D800CD0530 /* Debug */ = {
			isa = XCBuildConfiguration;
			buildSettings = {
				ALWAYS_EMBED_SWIFT_STANDARD_LIBRARIES = YES;
				BUNDLE_LOADER = "$(TEST_HOST)";
				CODE_SIGN_STYLE = Automatic;
				INFOPLIST_FILE = FlixTests/Info.plist;
				IPHONEOS_DEPLOYMENT_TARGET = 14.4;
				LD_RUNPATH_SEARCH_PATHS = (
					"$(inherited)",
					"@executable_path/Frameworks",
					"@loader_path/Frameworks",
				);
				PRODUCT_BUNDLE_IDENTIFIER = memo.com.FlixTests;
				PRODUCT_NAME = "$(TARGET_NAME)";
				SWIFT_VERSION = 5.0;
				TARGETED_DEVICE_FAMILY = "1,2";
				TEST_HOST = "$(BUILT_PRODUCTS_DIR)/Flix.app/Flix";
			};
			name = Debug;
		};
		C4D30D1725D8E1D800CD0530 /* Release */ = {
			isa = XCBuildConfiguration;
			buildSettings = {
				ALWAYS_EMBED_SWIFT_STANDARD_LIBRARIES = YES;
				BUNDLE_LOADER = "$(TEST_HOST)";
				CODE_SIGN_STYLE = Automatic;
				INFOPLIST_FILE = FlixTests/Info.plist;
				IPHONEOS_DEPLOYMENT_TARGET = 14.4;
				LD_RUNPATH_SEARCH_PATHS = (
					"$(inherited)",
					"@executable_path/Frameworks",
					"@loader_path/Frameworks",
				);
				PRODUCT_BUNDLE_IDENTIFIER = memo.com.FlixTests;
				PRODUCT_NAME = "$(TARGET_NAME)";
				SWIFT_VERSION = 5.0;
				TARGETED_DEVICE_FAMILY = "1,2";
				TEST_HOST = "$(BUILT_PRODUCTS_DIR)/Flix.app/Flix";
			};
			name = Release;
		};
		C4D30D1925D8E1D800CD0530 /* Debug */ = {
			isa = XCBuildConfiguration;
			buildSettings = {
				ALWAYS_EMBED_SWIFT_STANDARD_LIBRARIES = YES;
				CODE_SIGN_STYLE = Automatic;
				INFOPLIST_FILE = FlixUITests/Info.plist;
				LD_RUNPATH_SEARCH_PATHS = (
					"$(inherited)",
					"@executable_path/Frameworks",
					"@loader_path/Frameworks",
				);
				PRODUCT_BUNDLE_IDENTIFIER = memo.com.FlixUITests;
				PRODUCT_NAME = "$(TARGET_NAME)";
				SWIFT_VERSION = 5.0;
				TARGETED_DEVICE_FAMILY = "1,2";
				TEST_TARGET_NAME = Flix;
			};
			name = Debug;
		};
		C4D30D1A25D8E1D800CD0530 /* Release */ = {
			isa = XCBuildConfiguration;
			buildSettings = {
				ALWAYS_EMBED_SWIFT_STANDARD_LIBRARIES = YES;
				CODE_SIGN_STYLE = Automatic;
				INFOPLIST_FILE = FlixUITests/Info.plist;
				LD_RUNPATH_SEARCH_PATHS = (
					"$(inherited)",
					"@executable_path/Frameworks",
					"@loader_path/Frameworks",
				);
				PRODUCT_BUNDLE_IDENTIFIER = memo.com.FlixUITests;
				PRODUCT_NAME = "$(TARGET_NAME)";
				SWIFT_VERSION = 5.0;
				TARGETED_DEVICE_FAMILY = "1,2";
				TEST_TARGET_NAME = Flix;
			};
			name = Release;
		};
/* End XCBuildConfiguration section */

/* Begin XCConfigurationList section */
		C4D30CE325D8E1D000CD0530 /* Build configuration list for PBXProject "Flix" */ = {
			isa = XCConfigurationList;
			buildConfigurations = (
				C4D30D1025D8E1D800CD0530 /* Debug */,
				C4D30D1125D8E1D800CD0530 /* Release */,
			);
			defaultConfigurationIsVisible = 0;
			defaultConfigurationName = Release;
		};
		C4D30D1225D8E1D800CD0530 /* Build configuration list for PBXNativeTarget "Flix" */ = {
			isa = XCConfigurationList;
			buildConfigurations = (
				C4D30D1325D8E1D800CD0530 /* Debug */,
				C4D30D1425D8E1D800CD0530 /* Release */,
			);
			defaultConfigurationIsVisible = 0;
			defaultConfigurationName = Release;
		};
		C4D30D1525D8E1D800CD0530 /* Build configuration list for PBXNativeTarget "FlixTests" */ = {
			isa = XCConfigurationList;
			buildConfigurations = (
				C4D30D1625D8E1D800CD0530 /* Debug */,
				C4D30D1725D8E1D800CD0530 /* Release */,
			);
			defaultConfigurationIsVisible = 0;
			defaultConfigurationName = Release;
		};
		C4D30D1825D8E1D800CD0530 /* Build configuration list for PBXNativeTarget "FlixUITests" */ = {
			isa = XCConfigurationList;
			buildConfigurations = (
				C4D30D1925D8E1D800CD0530 /* Debug */,
				C4D30D1A25D8E1D800CD0530 /* Release */,
			);
			defaultConfigurationIsVisible = 0;
			defaultConfigurationName = Release;
		};
/* End XCConfigurationList section */
	};
	rootObject = C4D30CE025D8E1D000CD0530 /* Project object */;
}
